
Microsoft Visual Studio Solution File, Format Version 12.00
Project("{FAE04EC0-301F-11D3-BF4B-00C04F79EFBC}") = "MangoAPI", "MangoAPI\MangoAPI.csproj", "{139143FA-4968-4269-883B-80DF7EECE7EA}"
EndProject
Project("{FAE04EC0-301F-11D3-BF4B-00C04F79EFBC}") = "MangoAPI.Data", "MangoAPI.Data\MangoAPI.Data.csproj", "{892FEF6D-BCF5-4A93-BB2A-C49D5EE57491}"
EndProject
Global
	GlobalSection(SolutionConfigurationPlatforms) = preSolution
		Debug|Any CPU = Debug|Any CPU
		Release|Any CPU = Release|Any CPU
	EndGlobalSection
	GlobalSection(ProjectConfigurationPlatforms) = postSolution
		{139143FA-4968-4269-883B-80DF7EECE7EA}.Debug|Any CPU.ActiveCfg = Debug|Any CPU
		{139143FA-4968-4269-883B-80DF7EECE7EA}.Debug|Any CPU.Build.0 = Debug|Any CPU
		{139143FA-4968-4269-883B-80DF7EECE7EA}.Release|Any CPU.ActiveCfg = Release|Any CPU
		{139143FA-4968-4269-883B-80DF7EECE7EA}.Release|Any CPU.Build.0 = Release|Any CPU
		{892FEF6D-BCF5-4A93-BB2A-C49D5EE57491}.Debug|Any CPU.ActiveCfg = Debug|Any CPU
		{892FEF6D-BCF5-4A93-BB2A-C49D5EE57491}.Debug|Any CPU.Build.0 = Debug|Any CPU
		{892FEF6D-BCF5-4A93-BB2A-C49D5EE57491}.Release|Any CPU.ActiveCfg = Release|Any CPU
		{892FEF6D-BCF5-4A93-BB2A-C49D5EE57491}.Release|Any CPU.Build.0 = Release|Any CPU
	EndGlobalSection
EndGlobal
