
Microsoft Visual Studio Solution File, Format Version 12.00
# Visual Studio Version 17
VisualStudioVersion = 17.0.32014.148
MinimumVisualStudioVersion = 10.0.40219.1
Project("{9A19103F-16F7-4668-BE54-9A1E7A4F7556}") = "MangoAPI.Presentation", "MangoAPI.Presentation\MangoAPI.Presentation.csproj", "{139143FA-4968-4269-883B-80DF7EECE7EA}"
EndProject
Project("{9A19103F-16F7-4668-BE54-9A1E7A4F7556}") = "MangoAPI.Infrastructure", "MangoAPI.Infrastructure\MangoAPI.Infrastructure.csproj", "{892FEF6D-BCF5-4A93-BB2A-C49D5EE57491}"
EndProject
Project("{9A19103F-16F7-4668-BE54-9A1E7A4F7556}") = "MangoAPI.Domain", "MangoAPI.Domain\MangoAPI.Domain.csproj", "{CC4422A4-CDDC-4B8D-A6E4-6466732B2F47}"
EndProject
Project("{9A19103F-16F7-4668-BE54-9A1E7A4F7556}") = "MangoAPI.BusinessLogic", "MangoAPI.BusinessLogic\MangoAPI.BusinessLogic.csproj", "{637656CA-BDB8-4CF3-937F-773A9148C258}"
EndProject
Project("{9A19103F-16F7-4668-BE54-9A1E7A4F7556}") = "MangoAPI.Application", "MangoAPI.Application\MangoAPI.Application.csproj", "{18FF1265-DBFA-4AF7-8069-E895148848B2}"
EndProject
Project("{2150E333-8FDC-42A3-9474-1A3956D46DE8}") = "items", "items", "{F8A0C2AF-AB92-4D4E-8EB9-FEC56B93DD01}"
	ProjectSection(SolutionItems) = preProject
		.editorconfig = .editorconfig
		.gitignore = .gitignore
		LICENSE.txt = LICENSE.txt
		README.md = README.md
		.gitattributes = .gitattributes
		CHANGELOG.md = CHANGELOG.md
		Dockerfile = Dockerfile
		.dockerignore = .dockerignore
		docker-compose.yml = docker-compose.yml
	EndProjectSection
EndProject
Project("{9A19103F-16F7-4668-BE54-9A1E7A4F7556}") = "MangoAPI.DiffieHellmanConsole", "MangoAPI.DiffieHellmanConsole\MangoAPI.DiffieHellmanConsole.csproj", "{85D35610-B0C7-4439-871C-0578E1FC7BB5}"
EndProject
Project("{9A19103F-16F7-4668-BE54-9A1E7A4F7556}") = "MangoAPI.IntegrationTests", "MangoAPI.IntegrationTests\MangoAPI.IntegrationTests.csproj", "{7BE7D37C-B0FF-4231-A155-B8AA7CF8092B}"
EndProject
Project("{9A19103F-16F7-4668-BE54-9A1E7A4F7556}") = "MangoAPI.DiffieHellmanLibrary", "MangoAPI.DiffieHellmanLibrary\MangoAPI.DiffieHellmanLibrary.csproj", "{D60AA7DE-4121-4C89-91D3-8DBBF735E13F}"
EndProject
Project("{2150E333-8FDC-42A3-9474-1A3956D46DE8}") = "build", "build", "{66E218B1-FCCA-42F3-81A4-E19AC6659ECA}"
	ProjectSection(SolutionItems) = preProject
		build\coverage.runsettings = build\coverage.runsettings
		build\azure-pipelines-ci.yml = build\azure-pipelines-ci.yml
		build\azure-pipelines-cd.yml = build\azure-pipelines-cd.yml
		build\azure-pipelines-azcopy.yml = build\azure-pipelines-azcopy.yml
		build\azure-pipelines-tfstate.yml = build\azure-pipelines-tfstate.yml
		build\README.md = build\README.md
		build\azure-pipelines-terraform.yml = build\azure-pipelines-terraform.yml
		build\azure-pipelines-terraform-destroy.yml = build\azure-pipelines-terraform-destroy.yml
	EndProjectSection
EndProject
Project("{2150E333-8FDC-42A3-9474-1A3956D46DE8}") = ".github", ".github", "{B8CB0A21-BB6E-478B-A755-49CEA1435CD1}"
EndProject
Project("{2150E333-8FDC-42A3-9474-1A3956D46DE8}") = "legacy_workflows", "legacy_workflows", "{E70E0E28-1954-4AC7-8C05-B8C221252450}"
	ProjectSection(SolutionItems) = preProject
		.github\legacy_workflows\azure-dev-vm-ssh-deploy.yml = .github\legacy_workflows\azure-dev-vm-ssh-deploy.yml
		.github\legacy_workflows\azure-qa-vm-ssh-deploy.yml = .github\legacy_workflows\azure-qa-vm-ssh-deploy.yml
		.github\legacy_workflows\heroku-container-deploy.yml = .github\legacy_workflows\heroku-container-deploy.yml
		.github\legacy_workflows\run-angular-sonarqube-analysis.yml = .github\legacy_workflows\run-angular-sonarqube-analysis.yml
		.github\legacy_workflows\run-dotnet-sonarqube-analysis.yml = .github\legacy_workflows\run-dotnet-sonarqube-analysis.yml
		.github\legacy_workflows\run-build-and-test-dotnet-angular.yml = .github\legacy_workflows\run-build-and-test-dotnet-angular.yml
	EndProjectSection
EndProject
Project("{2150E333-8FDC-42A3-9474-1A3956D46DE8}") = "scripts", "scripts", "{C75F67BF-1B37-4569-B8DB-25FDB3A9690F}"
	ProjectSection(SolutionItems) = preProject
		scripts\CNG_DH_HANDSHAKE_TEST.ps1 = scripts\CNG_DH_HANDSHAKE_TEST.ps1
		scripts\OPENSSL_DH_HANDSHAKE_TEST.ps1 = scripts\OPENSSL_DH_HANDSHAKE_TEST.ps1
		scripts\run-sonarqube-dotnet.sh = scripts\run-sonarqube-dotnet.sh
		scripts\wait_database.ps1 = scripts\wait_database.ps1
		scripts\infrastructure.ps1 = scripts\infrastructure.ps1
		scripts\CopyAssetsToStorageAccount.ps1 = scripts\CopyAssetsToStorageAccount.ps1
		scripts\create_terraform_backend.ps1 = scripts\create_terraform_backend.ps1
		scripts\checkTerraformChanges.ps1 = scripts\checkTerraformChanges.ps1
	EndProjectSection
EndProject
Project("{2150E333-8FDC-42A3-9474-1A3956D46DE8}") = "terraform", "terraform", "{D5B04B5C-55E7-48C0-BA17-A084C24610BA}"
	ProjectSection(SolutionItems) = preProject
		terraform\main.tf = terraform\main.tf
		terraform\variables.tf = terraform\variables.tf
		terraform\README.md = terraform\README.md
		terraform\provider.tf = terraform\provider.tf
		terraform\versions.tf = terraform\versions.tf
		terraform\terraform.auto.tfvars.json = terraform\terraform.auto.tfvars.json
		terraform\variables_keyvault.tf = terraform\variables_keyvault.tf
		terraform\variables_sql.tf = terraform\variables_sql.tf
		terraform\variables_storage.tf = terraform\variables_storage.tf
		terraform\variables_webapp.tf = terraform\variables_webapp.tf
		terraform\variables_app_insights.tf = terraform\variables_app_insights.tf
	EndProjectSection
EndProject
Project("{2150E333-8FDC-42A3-9474-1A3956D46DE8}") = "img", "img", "{64F59099-7FFD-4D32-8C74-2BD1EBFF0B11}"
	ProjectSection(SolutionItems) = preProject
		img\mango.png = img\mango.png
		img\chats.PNG = img\chats.PNG
		img\contacts.PNG = img\contacts.PNG
		img\settings.PNG = img\settings.PNG
		img\infrastructure.png = img\infrastructure.png
	EndProjectSection
EndProject
Project("{2150E333-8FDC-42A3-9474-1A3956D46DE8}") = "seed_images", "seed_images", "{180A6309-24EE-4736-9DE5-AB36997D75BB}"
	ProjectSection(SolutionItems) = preProject
		img\seed_images\amelit_picture.jpg = img\seed_images\amelit_picture.jpg
		img\seed_images\arslan_picture.png = img\seed_images\arslan_picture.png
		img\seed_images\default_avatar.png = img\seed_images\default_avatar.png
		img\seed_images\default_group_logo.png = img\seed_images\default_group_logo.png
		img\seed_images\extreme_code_main.jpg = img\seed_images\extreme_code_main.jpg
		img\seed_images\extremecode_cpp_logo.jpg = img\seed_images\extremecode_cpp_logo.jpg
		img\seed_images\extremecode_dotnet.png = img\seed_images\extremecode_dotnet.png
		img\seed_images\extremecode_rest_logo.jpg = img\seed_images\extremecode_rest_logo.jpg
		img\seed_images\illia_picture.png = img\seed_images\illia_picture.png
		img\seed_images\khachatur_picture.jpg = img\seed_images\khachatur_picture.jpg
		img\seed_images\musyaka_picture.jpg = img\seed_images\musyaka_picture.jpg
		img\seed_images\razumovsky_picture.jpg = img\seed_images\razumovsky_picture.jpg
		img\seed_images\serhii_picture.png = img\seed_images\serhii_picture.png
		img\seed_images\szymon_picture.png = img\seed_images\szymon_picture.png
		img\seed_images\wsb_group_logo.png = img\seed_images\wsb_group_logo.png
		img\seed_images\mango_logo.jpg = img\seed_images\mango_logo.jpg
		img\seed_images\animetyanpic16.jpg = img\seed_images\animetyanpic16.jpg
		img\seed_images\animetyanpic10.jpg = img\seed_images\animetyanpic10.jpg
		img\seed_images\animetyanpic9.jpg = img\seed_images\animetyanpic9.jpg
		img\seed_images\animetyanpic3.jpg = img\seed_images\animetyanpic3.jpg
		img\seed_images\animetyanpic1.jpg = img\seed_images\animetyanpic1.jpg
		img\seed_images\animetyanpic7.jpg = img\seed_images\animetyanpic7.jpg
		img\seed_images\animetyanpic6.jpg = img\seed_images\animetyanpic6.jpg
		img\seed_images\animetyanpic2.jpg = img\seed_images\animetyanpic2.jpg
		img\seed_images\animetyanpic4.jpg = img\seed_images\animetyanpic4.jpg
		img\seed_images\animetyanpic5.jpg = img\seed_images\animetyanpic5.jpg
		img\seed_images\animetyanpic8.jpg = img\seed_images\animetyanpic8.jpg
		img\seed_images\animetyanpic11.jpg = img\seed_images\animetyanpic11.jpg
		img\seed_images\animetyanpic12.jpg = img\seed_images\animetyanpic12.jpg
		img\seed_images\animetyanpic13.jpg = img\seed_images\animetyanpic13.jpg
		img\seed_images\animetyanpic14.jpg = img\seed_images\animetyanpic14.jpg
		img\seed_images\animetyanpic15.jpg = img\seed_images\animetyanpic15.jpg
		img\seed_images\animetyanpic17.jpg = img\seed_images\animetyanpic17.jpg
	EndProjectSection
EndProject
Project("{2150E333-8FDC-42A3-9474-1A3956D46DE8}") = "workflows", "workflows", "{8AEBB05F-C450-4E77-8B91-9155BFB4FD56}"
	ProjectSection(SolutionItems) = preProject
		.github\workflows\run-cng-dh-handshake.yml = .github\workflows\run-cng-dh-handshake.yml
		.github\workflows\run-openssl-dh-handshake.yml = .github\workflows\run-openssl-dh-handshake.yml
		.github\workflows\build-test-coverage-dotnet.yml = .github\workflows\build-test-coverage-dotnet.yml
		.github\workflows\build-angular.yml = .github\workflows\build-angular.yml
		.github\workflows\qoudana-scan.yml = .github\workflows\qoudana-scan.yml
		.github\workflows\resharper-scan.yml = .github\workflows\resharper-scan.yml
	EndProjectSection
EndProject
Project("{2150E333-8FDC-42A3-9474-1A3956D46DE8}") = "templates", "templates", "{79EB6A4D-7532-4D40-8E76-B168B442D3C0}"
	ProjectSection(SolutionItems) = preProject
		build\templates\dotnet-build-job-template.yml = build\templates\dotnet-build-job-template.yml
		build\templates\dotnet-integration-tests-job-template.yml = build\templates\dotnet-integration-tests-job-template.yml
		build\templates\sonarcloud-job-template.yml = build\templates\sonarcloud-job-template.yml
		build\templates\mend-scan-job-template.yml = build\templates\mend-scan-job-template.yml
		build\templates\snyk-job-template.yml = build\templates\snyk-job-template.yml
	EndProjectSection
EndProject
Project("{2150E333-8FDC-42A3-9474-1A3956D46DE8}") = "bicep", "bicep", "{D553C98E-AC84-4EA6-81EA-39548AD267F8}"
	ProjectSection(SolutionItems) = preProject
		bicep\appService.bicep = bicep\appService.bicep
		bicep\keyVault.bicep = bicep\keyVault.bicep
		bicep\main.bicep = bicep\main.bicep
		bicep\rgAzureDeploy.bicep = bicep\rgAzureDeploy.bicep
		bicep\sqlSeverAndDb.bicep = bicep\sqlSeverAndDb.bicep
		bicep\storAccountAndCont.bicep = bicep\storAccountAndCont.bicep
		bicep\README.md = bicep\README.md
	EndProjectSection
EndProject
Project("{2150E333-8FDC-42A3-9474-1A3956D46DE8}") = "parameters", "parameters", "{BA8CDB8A-341D-42EC-A56F-B52322A34296}"
	ProjectSection(SolutionItems) = preProject
		bicep\parameters\rg-azure-deploy.parameters.dev.json = bicep\parameters\rg-azure-deploy.parameters.dev.json
		bicep\parameters\parameters.dev.json = bicep\parameters\parameters.dev.json
	EndProjectSection
EndProject
Project("{2150E333-8FDC-42A3-9474-1A3956D46DE8}") = ".vscode", ".vscode", "{9B21A232-CC44-4B14-B117-D9D441441483}"
	ProjectSection(SolutionItems) = preProject
		.vscode\extensions.json = .vscode\extensions.json
		.vscode\launch.json = .vscode\launch.json
		.vscode\tasks.json = .vscode\tasks.json
	EndProjectSection
EndProject
Project("{2150E333-8FDC-42A3-9474-1A3956D46DE8}") = "webapp", "webapp", "{7C0022ED-AF4E-4965-8668-CC286037CB16}"
	ProjectSection(SolutionItems) = preProject
		terraform\modules\webapp\main.tf = terraform\modules\webapp\main.tf
		terraform\modules\webapp\output.tf = terraform\modules\webapp\output.tf
		terraform\modules\webapp\variables.tf = terraform\modules\webapp\variables.tf
	EndProjectSection
EndProject
Project("{2150E333-8FDC-42A3-9474-1A3956D46DE8}") = "storage", "storage", "{CC550048-3A31-4C1F-A3BA-8844D5FAE5D3}"
	ProjectSection(SolutionItems) = preProject
		terraform\modules\storage\main.tf = terraform\modules\storage\main.tf
		terraform\modules\storage\output.tf = terraform\modules\storage\output.tf
		terraform\modules\storage\variables.tf = terraform\modules\storage\variables.tf
	EndProjectSection
EndProject
Project("{2150E333-8FDC-42A3-9474-1A3956D46DE8}") = "sql", "sql", "{01CB1860-327D-4A94-9916-05A179DA892B}"
	ProjectSection(SolutionItems) = preProject
		terraform\modules\sql\main.tf = terraform\modules\sql\main.tf
		terraform\modules\sql\output.tf = terraform\modules\sql\output.tf
		terraform\modules\sql\variables.tf = terraform\modules\sql\variables.tf
	EndProjectSection
EndProject
Project("{2150E333-8FDC-42A3-9474-1A3956D46DE8}") = "keyvault", "keyvault", "{E6F8F8D3-7BDB-4769-AF09-AC99AA4C9883}"
	ProjectSection(SolutionItems) = preProject
		terraform\modules\keyvault\main.tf = terraform\modules\keyvault\main.tf
		terraform\modules\keyvault\output.tf = terraform\modules\keyvault\output.tf
		terraform\modules\keyvault\variables.tf = terraform\modules\keyvault\variables.tf
	EndProjectSection
EndProject
Project("{2150E333-8FDC-42A3-9474-1A3956D46DE8}") = "modules", "modules", "{201AE3DB-8A7D-4D0C-B0DE-4765007E35E7}"
EndProject
Project("{2150E333-8FDC-42A3-9474-1A3956D46DE8}") = "keyvault-secrets", "keyvault-secrets", "{A0EE0AAD-30D6-418E-AD1F-55872A4D52BC}"
	ProjectSection(SolutionItems) = preProject
		terraform\modules\keyvault-secrets\main.tf = terraform\modules\keyvault-secrets\main.tf
		terraform\modules\keyvault-secrets\variables.tf = terraform\modules\keyvault-secrets\variables.tf
	EndProjectSection
EndProject
Global
	GlobalSection(SolutionConfigurationPlatforms) = preSolution
		Debug|Any CPU = Debug|Any CPU
		Release|Any CPU = Release|Any CPU
	EndGlobalSection
	GlobalSection(ProjectConfigurationPlatforms) = postSolution
		{139143FA-4968-4269-883B-80DF7EECE7EA}.Debug|Any CPU.ActiveCfg = Debug|Any CPU
		{139143FA-4968-4269-883B-80DF7EECE7EA}.Debug|Any CPU.Build.0 = Debug|Any CPU
		{139143FA-4968-4269-883B-80DF7EECE7EA}.Release|Any CPU.ActiveCfg = Release|Any CPU
		{139143FA-4968-4269-883B-80DF7EECE7EA}.Release|Any CPU.Build.0 = Release|Any CPU
		{892FEF6D-BCF5-4A93-BB2A-C49D5EE57491}.Debug|Any CPU.ActiveCfg = Debug|Any CPU
		{892FEF6D-BCF5-4A93-BB2A-C49D5EE57491}.Debug|Any CPU.Build.0 = Debug|Any CPU
		{892FEF6D-BCF5-4A93-BB2A-C49D5EE57491}.Release|Any CPU.ActiveCfg = Release|Any CPU
		{892FEF6D-BCF5-4A93-BB2A-C49D5EE57491}.Release|Any CPU.Build.0 = Release|Any CPU
		{CC4422A4-CDDC-4B8D-A6E4-6466732B2F47}.Debug|Any CPU.ActiveCfg = Debug|Any CPU
		{CC4422A4-CDDC-4B8D-A6E4-6466732B2F47}.Debug|Any CPU.Build.0 = Debug|Any CPU
		{CC4422A4-CDDC-4B8D-A6E4-6466732B2F47}.Release|Any CPU.ActiveCfg = Release|Any CPU
		{CC4422A4-CDDC-4B8D-A6E4-6466732B2F47}.Release|Any CPU.Build.0 = Release|Any CPU
		{637656CA-BDB8-4CF3-937F-773A9148C258}.Debug|Any CPU.ActiveCfg = Debug|Any CPU
		{637656CA-BDB8-4CF3-937F-773A9148C258}.Debug|Any CPU.Build.0 = Debug|Any CPU
		{637656CA-BDB8-4CF3-937F-773A9148C258}.Release|Any CPU.ActiveCfg = Release|Any CPU
		{637656CA-BDB8-4CF3-937F-773A9148C258}.Release|Any CPU.Build.0 = Release|Any CPU
		{18FF1265-DBFA-4AF7-8069-E895148848B2}.Debug|Any CPU.ActiveCfg = Debug|Any CPU
		{18FF1265-DBFA-4AF7-8069-E895148848B2}.Debug|Any CPU.Build.0 = Debug|Any CPU
		{18FF1265-DBFA-4AF7-8069-E895148848B2}.Release|Any CPU.ActiveCfg = Release|Any CPU
		{18FF1265-DBFA-4AF7-8069-E895148848B2}.Release|Any CPU.Build.0 = Release|Any CPU
		{85D35610-B0C7-4439-871C-0578E1FC7BB5}.Debug|Any CPU.ActiveCfg = Debug|Any CPU
		{85D35610-B0C7-4439-871C-0578E1FC7BB5}.Debug|Any CPU.Build.0 = Debug|Any CPU
		{85D35610-B0C7-4439-871C-0578E1FC7BB5}.Release|Any CPU.ActiveCfg = Release|Any CPU
		{85D35610-B0C7-4439-871C-0578E1FC7BB5}.Release|Any CPU.Build.0 = Release|Any CPU
		{7BE7D37C-B0FF-4231-A155-B8AA7CF8092B}.Debug|Any CPU.ActiveCfg = Debug|Any CPU
		{7BE7D37C-B0FF-4231-A155-B8AA7CF8092B}.Debug|Any CPU.Build.0 = Debug|Any CPU
		{7BE7D37C-B0FF-4231-A155-B8AA7CF8092B}.Release|Any CPU.ActiveCfg = Release|Any CPU
		{7BE7D37C-B0FF-4231-A155-B8AA7CF8092B}.Release|Any CPU.Build.0 = Release|Any CPU
		{D60AA7DE-4121-4C89-91D3-8DBBF735E13F}.Debug|Any CPU.ActiveCfg = Debug|Any CPU
		{D60AA7DE-4121-4C89-91D3-8DBBF735E13F}.Debug|Any CPU.Build.0 = Debug|Any CPU
		{D60AA7DE-4121-4C89-91D3-8DBBF735E13F}.Release|Any CPU.ActiveCfg = Release|Any CPU
		{D60AA7DE-4121-4C89-91D3-8DBBF735E13F}.Release|Any CPU.Build.0 = Release|Any CPU
	EndGlobalSection
	GlobalSection(SolutionProperties) = preSolution
		HideSolutionNode = FALSE
	EndGlobalSection
	GlobalSection(NestedProjects) = preSolution
		{E70E0E28-1954-4AC7-8C05-B8C221252450} = {B8CB0A21-BB6E-478B-A755-49CEA1435CD1}
		{180A6309-24EE-4736-9DE5-AB36997D75BB} = {64F59099-7FFD-4D32-8C74-2BD1EBFF0B11}
		{8AEBB05F-C450-4E77-8B91-9155BFB4FD56} = {B8CB0A21-BB6E-478B-A755-49CEA1435CD1}
		{79EB6A4D-7532-4D40-8E76-B168B442D3C0} = {66E218B1-FCCA-42F3-81A4-E19AC6659ECA}
		{BA8CDB8A-341D-42EC-A56F-B52322A34296} = {D553C98E-AC84-4EA6-81EA-39548AD267F8}
		{201AE3DB-8A7D-4D0C-B0DE-4765007E35E7} = {D5B04B5C-55E7-48C0-BA17-A084C24610BA}
		{E6F8F8D3-7BDB-4769-AF09-AC99AA4C9883} = {201AE3DB-8A7D-4D0C-B0DE-4765007E35E7}
		{01CB1860-327D-4A94-9916-05A179DA892B} = {201AE3DB-8A7D-4D0C-B0DE-4765007E35E7}
		{CC550048-3A31-4C1F-A3BA-8844D5FAE5D3} = {201AE3DB-8A7D-4D0C-B0DE-4765007E35E7}
		{7C0022ED-AF4E-4965-8668-CC286037CB16} = {201AE3DB-8A7D-4D0C-B0DE-4765007E35E7}
		{A0EE0AAD-30D6-418E-AD1F-55872A4D52BC} = {201AE3DB-8A7D-4D0C-B0DE-4765007E35E7}
	EndGlobalSection
	GlobalSection(ExtensibilityGlobals) = postSolution
		SolutionGuid = {64B16C18-46ED-4D73-927F-B2E229345447}
	EndGlobalSection
EndGlobal
