
Microsoft Visual Studio Solution File, Format Version 12.00
Project("{FAE04EC0-301F-11D3-BF4B-00C04F79EFBC}") = "MangoAPI.WebApp", "MangoAPI.WebApp\MangoAPI.WebApp.csproj", "{139143FA-4968-4269-883B-80DF7EECE7EA}"
EndProject
Project("{FAE04EC0-301F-11D3-BF4B-00C04F79EFBC}") = "MangoAPI.Infrastructure", "MangoAPI.Infrastructure\MangoAPI.Infrastructure.csproj", "{892FEF6D-BCF5-4A93-BB2A-C49D5EE57491}"
EndProject
Project("{FAE04EC0-301F-11D3-BF4B-00C04F79EFBC}") = "MangoAPI.Application", "MangoAPI.Application\MangoAPI.Application.csproj", "{A701B27E-F545-4AC4-BF00-24CC448548CB}"
EndProject
Project("{FAE04EC0-301F-11D3-BF4B-00C04F79EFBC}") = "MangoAPI.Domain", "MangoAPI.Domain\MangoAPI.Domain.csproj", "{CC4422A4-CDDC-4B8D-A6E4-6466732B2F47}"
EndProject
Project("{FAE04EC0-301F-11D3-BF4B-00C04F79EFBC}") = "MangoAPI.DTO", "MangoAPI.DTO\MangoAPI.DTO.csproj", "{637656CA-BDB8-4CF3-937F-773A9148C258}"
EndProject
Global
	GlobalSection(SolutionConfigurationPlatforms) = preSolution
		Debug|Any CPU = Debug|Any CPU
		Release|Any CPU = Release|Any CPU
	EndGlobalSection
	GlobalSection(ProjectConfigurationPlatforms) = postSolution
		{139143FA-4968-4269-883B-80DF7EECE7EA}.Debug|Any CPU.ActiveCfg = Debug|Any CPU
		{139143FA-4968-4269-883B-80DF7EECE7EA}.Debug|Any CPU.Build.0 = Debug|Any CPU
		{139143FA-4968-4269-883B-80DF7EECE7EA}.Release|Any CPU.ActiveCfg = Release|Any CPU
		{139143FA-4968-4269-883B-80DF7EECE7EA}.Release|Any CPU.Build.0 = Release|Any CPU
		{892FEF6D-BCF5-4A93-BB2A-C49D5EE57491}.Debug|Any CPU.ActiveCfg = Debug|Any CPU
		{892FEF6D-BCF5-4A93-BB2A-C49D5EE57491}.Debug|Any CPU.Build.0 = Debug|Any CPU
		{892FEF6D-BCF5-4A93-BB2A-C49D5EE57491}.Release|Any CPU.ActiveCfg = Release|Any CPU
		{892FEF6D-BCF5-4A93-BB2A-C49D5EE57491}.Release|Any CPU.Build.0 = Release|Any CPU
		{A701B27E-F545-4AC4-BF00-24CC448548CB}.Debug|Any CPU.ActiveCfg = Debug|Any CPU
		{A701B27E-F545-4AC4-BF00-24CC448548CB}.Debug|Any CPU.Build.0 = Debug|Any CPU
		{A701B27E-F545-4AC4-BF00-24CC448548CB}.Release|Any CPU.ActiveCfg = Release|Any CPU
		{A701B27E-F545-4AC4-BF00-24CC448548CB}.Release|Any CPU.Build.0 = Release|Any CPU
		{CC4422A4-CDDC-4B8D-A6E4-6466732B2F47}.Debug|Any CPU.ActiveCfg = Debug|Any CPU
		{CC4422A4-CDDC-4B8D-A6E4-6466732B2F47}.Debug|Any CPU.Build.0 = Debug|Any CPU
		{CC4422A4-CDDC-4B8D-A6E4-6466732B2F47}.Release|Any CPU.ActiveCfg = Release|Any CPU
		{CC4422A4-CDDC-4B8D-A6E4-6466732B2F47}.Release|Any CPU.Build.0 = Release|Any CPU
		{637656CA-BDB8-4CF3-937F-773A9148C258}.Debug|Any CPU.ActiveCfg = Debug|Any CPU
		{637656CA-BDB8-4CF3-937F-773A9148C258}.Debug|Any CPU.Build.0 = Debug|Any CPU
		{637656CA-BDB8-4CF3-937F-773A9148C258}.Release|Any CPU.ActiveCfg = Release|Any CPU
		{637656CA-BDB8-4CF3-937F-773A9148C258}.Release|Any CPU.Build.0 = Release|Any CPU
	EndGlobalSection
	GlobalSection(NestedProjects) = preSolution
	EndGlobalSection
EndGlobal
