
Microsoft Visual Studio Solution File, Format Version 12.00
Project("{FAE04EC0-301F-11D3-BF4B-00C04F79EFBC}") = "MangoAPI.WebApp", "MangoAPI.WebApp\MangoAPI.WebApp.csproj", "{139143FA-4968-4269-883B-80DF7EECE7EA}"
EndProject
Project("{FAE04EC0-301F-11D3-BF4B-00C04F79EFBC}") = "Mango.Auth.Infrastructure", "Mango.Auth.Infrastructure\Mango.Auth.Infrastructure.csproj", "{892FEF6D-BCF5-4A93-BB2A-C49D5EE57491}"
EndProject
Project("{2150E333-8FDC-42A3-9474-1A3956D46DE8}") = "Modules", "Modules", "{E961A706-9A48-4113-8DAB-93F8592E1ACC}"
EndProject
Project("{2150E333-8FDC-42A3-9474-1A3956D46DE8}") = "Shared", "Shared", "{90753BC9-5CAC-4B23-B43F-D1EAB8772209}"
EndProject
Project("{2150E333-8FDC-42A3-9474-1A3956D46DE8}") = "Web", "Web", "{F5C1CFE8-9938-4279-B997-A9B068D11F8E}"
EndProject
Project("{2150E333-8FDC-42A3-9474-1A3956D46DE8}") = "Auth", "Auth", "{4DADC9B3-037F-4E9C-BD85-E9221BBFEF9B}"
EndProject
Project("{FAE04EC0-301F-11D3-BF4B-00C04F79EFBC}") = "Mango.Auth.Application", "Mango.Auth.Application\Mango.Auth.Application.csproj", "{A701B27E-F545-4AC4-BF00-24CC448548CB}"
EndProject
Project("{FAE04EC0-301F-11D3-BF4B-00C04F79EFBC}") = "Mango.Auth.Domain", "Mango.Auth.Domain\Mango.Auth.Domain.csproj", "{CC4422A4-CDDC-4B8D-A6E4-6466732B2F47}"
EndProject
Project("{FAE04EC0-301F-11D3-BF4B-00C04F79EFBC}") = "Mango.Auth.DTO", "Mango.Auth.DTO\Mango.Auth.DTO.csproj", "{637656CA-BDB8-4CF3-937F-773A9148C258}"
EndProject
Global
	GlobalSection(SolutionConfigurationPlatforms) = preSolution
		Debug|Any CPU = Debug|Any CPU
		Release|Any CPU = Release|Any CPU
	EndGlobalSection
	GlobalSection(ProjectConfigurationPlatforms) = postSolution
		{139143FA-4968-4269-883B-80DF7EECE7EA}.Debug|Any CPU.ActiveCfg = Debug|Any CPU
		{139143FA-4968-4269-883B-80DF7EECE7EA}.Debug|Any CPU.Build.0 = Debug|Any CPU
		{139143FA-4968-4269-883B-80DF7EECE7EA}.Release|Any CPU.ActiveCfg = Release|Any CPU
		{139143FA-4968-4269-883B-80DF7EECE7EA}.Release|Any CPU.Build.0 = Release|Any CPU
		{892FEF6D-BCF5-4A93-BB2A-C49D5EE57491}.Debug|Any CPU.ActiveCfg = Debug|Any CPU
		{892FEF6D-BCF5-4A93-BB2A-C49D5EE57491}.Debug|Any CPU.Build.0 = Debug|Any CPU
		{892FEF6D-BCF5-4A93-BB2A-C49D5EE57491}.Release|Any CPU.ActiveCfg = Release|Any CPU
		{892FEF6D-BCF5-4A93-BB2A-C49D5EE57491}.Release|Any CPU.Build.0 = Release|Any CPU
		{A701B27E-F545-4AC4-BF00-24CC448548CB}.Debug|Any CPU.ActiveCfg = Debug|Any CPU
		{A701B27E-F545-4AC4-BF00-24CC448548CB}.Debug|Any CPU.Build.0 = Debug|Any CPU
		{A701B27E-F545-4AC4-BF00-24CC448548CB}.Release|Any CPU.ActiveCfg = Release|Any CPU
		{A701B27E-F545-4AC4-BF00-24CC448548CB}.Release|Any CPU.Build.0 = Release|Any CPU
		{CC4422A4-CDDC-4B8D-A6E4-6466732B2F47}.Debug|Any CPU.ActiveCfg = Debug|Any CPU
		{CC4422A4-CDDC-4B8D-A6E4-6466732B2F47}.Debug|Any CPU.Build.0 = Debug|Any CPU
		{CC4422A4-CDDC-4B8D-A6E4-6466732B2F47}.Release|Any CPU.ActiveCfg = Release|Any CPU
		{CC4422A4-CDDC-4B8D-A6E4-6466732B2F47}.Release|Any CPU.Build.0 = Release|Any CPU
		{637656CA-BDB8-4CF3-937F-773A9148C258}.Debug|Any CPU.ActiveCfg = Debug|Any CPU
		{637656CA-BDB8-4CF3-937F-773A9148C258}.Debug|Any CPU.Build.0 = Debug|Any CPU
		{637656CA-BDB8-4CF3-937F-773A9148C258}.Release|Any CPU.ActiveCfg = Release|Any CPU
		{637656CA-BDB8-4CF3-937F-773A9148C258}.Release|Any CPU.Build.0 = Release|Any CPU
	EndGlobalSection
	GlobalSection(NestedProjects) = preSolution
		{4DADC9B3-037F-4E9C-BD85-E9221BBFEF9B} = {E961A706-9A48-4113-8DAB-93F8592E1ACC}
		{892FEF6D-BCF5-4A93-BB2A-C49D5EE57491} = {4DADC9B3-037F-4E9C-BD85-E9221BBFEF9B}
		{A701B27E-F545-4AC4-BF00-24CC448548CB} = {4DADC9B3-037F-4E9C-BD85-E9221BBFEF9B}
		{CC4422A4-CDDC-4B8D-A6E4-6466732B2F47} = {4DADC9B3-037F-4E9C-BD85-E9221BBFEF9B}
		{637656CA-BDB8-4CF3-937F-773A9148C258} = {4DADC9B3-037F-4E9C-BD85-E9221BBFEF9B}
		{139143FA-4968-4269-883B-80DF7EECE7EA} = {F5C1CFE8-9938-4279-B997-A9B068D11F8E}
	EndGlobalSection
EndGlobal
